
Microsoft Visual Studio Solution File, Format Version 12.00
# Visual Studio 15
VisualStudioVersion = 15.0.28307.136
MinimumVisualStudioVersion = 10.0.40219.1
Project("{FAE04EC0-301F-11D3-BF4B-00C04F79EFBC}") = "JalgrattaEksam", "JalgrattaEksam\JalgrattaEksam.csproj", "{A46D71D0-D5E8-4ECC-BEF2-C06D5F83B8E5}"
EndProject
Global
	GlobalSection(SolutionConfigurationPlatforms) = preSolution
		Debug|Any CPU = Debug|Any CPU
		Release|Any CPU = Release|Any CPU
	EndGlobalSection
	GlobalSection(ProjectConfigurationPlatforms) = postSolution
		{A46D71D0-D5E8-4ECC-BEF2-C06D5F83B8E5}.Debug|Any CPU.ActiveCfg = Debug|Any CPU
		{A46D71D0-D5E8-4ECC-BEF2-C06D5F83B8E5}.Debug|Any CPU.Build.0 = Debug|Any CPU
		{A46D71D0-D5E8-4ECC-BEF2-C06D5F83B8E5}.Release|Any CPU.ActiveCfg = Release|Any CPU
		{A46D71D0-D5E8-4ECC-BEF2-C06D5F83B8E5}.Release|Any CPU.Build.0 = Release|Any CPU
	EndGlobalSection
	GlobalSection(SolutionProperties) = preSolution
		HideSolutionNode = FALSE
	EndGlobalSection
	GlobalSection(ExtensibilityGlobals) = postSolution
		SolutionGuid = {BA183C56-D643-4421-BA4E-FA21A2569EA4}
	EndGlobalSection
EndGlobal
